
Microsoft Visual Studio Solution File, Format Version 12.00
# Visual Studio Version 17
VisualStudioVersion = 17.11.35222.181
MinimumVisualStudioVersion = 10.0.40219.1
Project("{FAE04EC0-301F-11D3-BF4B-00C04F79EFBC}") = "CursorWeb.WebApi", "CursorWeb.WebApi\CursorWeb.WebApi.csproj", "{08843D03-A35C-4093-830F-C1987E467665}"
EndProject
Global
	GlobalSection(SolutionConfigurationPlatforms) = preSolution
		Debug|Any CPU = Debug|Any CPU
		Release|Any CPU = Release|Any CPU
	EndGlobalSection
	GlobalSection(ProjectConfigurationPlatforms) = postSolution
		{08843D03-A35C-4093-830F-C1987E467665}.Debug|Any CPU.ActiveCfg = Debug|Any CPU
		{08843D03-A35C-4093-830F-C1987E467665}.Debug|Any CPU.Build.0 = Debug|Any CPU
		{08843D03-A35C-4093-830F-C1987E467665}.Release|Any CPU.ActiveCfg = Release|Any CPU
		{08843D03-A35C-4093-830F-C1987E467665}.Release|Any CPU.Build.0 = Release|Any CPU
	EndGlobalSection
	GlobalSection(SolutionProperties) = preSolution
		HideSolutionNode = FALSE
	EndGlobalSection
	GlobalSection(ExtensibilityGlobals) = postSolution
		SolutionGuid = {0B25B8C5-2F9E-4CAB-9DB0-B4E065CA7AE6}
	EndGlobalSection
EndGlobal
